
Microsoft Visual Studio Solution File, Format Version 12.00
# Visual Studio Version 17
VisualStudioVersion = 17.5.33530.505
MinimumVisualStudioVersion = 10.0.40219.1
Project("{FAE04EC0-301F-11D3-BF4B-00C04F79EFBC}") = "QrMVC", "QrMVC\QrMVC.csproj", "{BA717B03-DCE9-4BFF-9C45-124476F1ABD7}"
EndProject
Global
	GlobalSection(SolutionConfigurationPlatforms) = preSolution
		Debug|Any CPU = Debug|Any CPU
		Release|Any CPU = Release|Any CPU
	EndGlobalSection
	GlobalSection(ProjectConfigurationPlatforms) = postSolution
		{BA717B03-DCE9-4BFF-9C45-124476F1ABD7}.Debug|Any CPU.ActiveCfg = Debug|Any CPU
		{BA717B03-DCE9-4BFF-9C45-124476F1ABD7}.Debug|Any CPU.Build.0 = Debug|Any CPU
		{BA717B03-DCE9-4BFF-9C45-124476F1ABD7}.Release|Any CPU.ActiveCfg = Release|Any CPU
		{BA717B03-DCE9-4BFF-9C45-124476F1ABD7}.Release|Any CPU.Build.0 = Release|Any CPU
	EndGlobalSection
	GlobalSection(SolutionProperties) = preSolution
		HideSolutionNode = FALSE
	EndGlobalSection
	GlobalSection(ExtensibilityGlobals) = postSolution
		SolutionGuid = {0954A048-6381-4224-8715-E90BF74F2B84}
	EndGlobalSection
EndGlobal
